
Microsoft Visual Studio Solution File, Format Version 12.00
# Visual Studio Version 17
VisualStudioVersion = 17.5.002.0
MinimumVisualStudioVersion = 10.0.40219.1
Project("{9A19103F-16F7-4668-BE54-9A1E7A4F7556}") = "task_managment", "task_managment.csproj", "{20B836E7-3F98-4A03-B46B-A8E30B1EBB8D}"
EndProject
Global
	GlobalSection(SolutionConfigurationPlatforms) = preSolution
		Debug|Any CPU = Debug|Any CPU
		Release|Any CPU = Release|Any CPU
	EndGlobalSection
	GlobalSection(ProjectConfigurationPlatforms) = postSolution
		{20B836E7-3F98-4A03-B46B-A8E30B1EBB8D}.Debug|Any CPU.ActiveCfg = Debug|Any CPU
		{20B836E7-3F98-4A03-B46B-A8E30B1EBB8D}.Debug|Any CPU.Build.0 = Debug|Any CPU
		{20B836E7-3F98-4A03-B46B-A8E30B1EBB8D}.Release|Any CPU.ActiveCfg = Release|Any CPU
		{20B836E7-3F98-4A03-B46B-A8E30B1EBB8D}.Release|Any CPU.Build.0 = Release|Any CPU
	EndGlobalSection
	GlobalSection(SolutionProperties) = preSolution
		HideSolutionNode = FALSE
	EndGlobalSection
	GlobalSection(ExtensibilityGlobals) = postSolution
		SolutionGuid = {B6CCC97C-67E1-4FFC-A702-CD6A2A6FC9A6}
	EndGlobalSection
EndGlobal
